
Microsoft Visual Studio Solution File, Format Version 12.00
# Visual Studio Version 16
VisualStudioVersion = 16.0.31729.503
MinimumVisualStudioVersion = 10.0.40219.1
Project("{9A19103F-16F7-4668-BE54-9A1E7A4F7556}") = "FarmFresh.Backend.IdentityServer", "IdentityServer\FarmFresh.Backend.IdentityServer\FarmFresh.Backend.IdentityServer.csproj", "{22FA73BE-0414-48DF-B944-6E8DB17D5684}"
EndProject
Project("{9A19103F-16F7-4668-BE54-9A1E7A4F7556}") = "FarmFresh.Backend.Entities", "SharedLibraries\FarmFresh.Backend.Entities\FarmFresh.Backend.Entities.csproj", "{B8D423DA-4AFD-4D09-B23F-82FA596E008D}"
EndProject
Project("{9A19103F-16F7-4668-BE54-9A1E7A4F7556}") = "FarmFresh.Backend.DataTransferObjects", "SharedLibraries\FarmFresh.Backend.DataTransferObjects\FarmFresh.Backend.DataTransferObjects.csproj", "{E0588912-C1BF-4730-8D22-E92ED8D3791E}"
EndProject
Project("{9A19103F-16F7-4668-BE54-9A1E7A4F7556}") = "FarmFresh.Backend.Repositories", "SharedLibraries\FarmFresh.Backend.Repositories\FarmFresh.Backend.Repositories.csproj", "{A372F8E6-4E54-4352-9466-2D41AEF9B903}"
EndProject
Project("{9A19103F-16F7-4668-BE54-9A1E7A4F7556}") = "FarmFresh.Backend.Services", "SharedLibraries\FarmFresh.Backend.Services\FarmFresh.Backend.Services.csproj", "{6656DEDB-07A7-41D0-954A-AE3A83F75C9F}"
EndProject
Project("{9A19103F-16F7-4668-BE54-9A1E7A4F7556}") = "FarmFresh.Backend.Shared", "SharedLibraries\FarmFresh.Backend.Shared\FarmFresh.Backend.Shared.csproj", "{27C3FA31-5834-413E-B4B1-B5A6C35C4EB7}"
EndProject
Project("{9A19103F-16F7-4668-BE54-9A1E7A4F7556}") = "FarmFresh.Backend.Storages", "SharedLibraries\FarmFresh.Backend.Storages\FarmFresh.Backend.Storages.csproj", "{2FF1CE9B-C7AC-49F9-BA32-781A5578F7A5}"
EndProject
Project("{2150E333-8FDC-42A3-9474-1A3956D46DE8}") = "Identity Server", "Identity Server", "{CE299B48-E605-489D-8A09-CEAF578AC661}"
EndProject
Project("{2150E333-8FDC-42A3-9474-1A3956D46DE8}") = "Api", "Api", "{39D3DD1C-3AAE-4064-96F4-BBE8000BEFD9}"
EndProject
Project("{2150E333-8FDC-42A3-9474-1A3956D46DE8}") = "Shared Libraries", "Shared Libraries", "{13BEF497-8F8B-4E8D-A61C-514742CE1249}"
EndProject
Project("{9A19103F-16F7-4668-BE54-9A1E7A4F7556}") = "FarmFresh.Backend.Api", "Api\FarmFresh.Backend.Api\FarmFresh.Backend.Api.csproj", "{8A0AE77D-5A05-4E9F-A7DA-18FCF02622B4}"
EndProject
Project("{2150E333-8FDC-42A3-9474-1A3956D46DE8}") = ".docs", ".docs", "{A8DA2B08-C773-4502-86D7-069229163160}"
	ProjectSection(SolutionItems) = preProject
		Business-Entities.txt = Business-Entities.txt
		How-To-Run-Migrations.txt = How-To-Run-Migrations.txt
		Technical-Notes.txt = Technical-Notes.txt
	EndProjectSection
EndProject
Project("{2150E333-8FDC-42A3-9474-1A3956D46DE8}") = "Tests", "Tests", "{22415E0C-E665-448B-ABFF-B0DDB06E8EDA}"
EndProject
Project("{FAE04EC0-301F-11D3-BF4B-00C04F79EFBC}") = "FarmFresh.Backend.Repositories.Tests", "Tests\FarmFresh.Backend.Repositories.Tests\FarmFresh.Backend.Repositories.Tests.csproj", "{CC830867-2B0F-4BBE-B09A-F3638B70A26F}"
EndProject
Global
	GlobalSection(SolutionConfigurationPlatforms) = preSolution
		Debug|Any CPU = Debug|Any CPU
		Release|Any CPU = Release|Any CPU
	EndGlobalSection
	GlobalSection(ProjectConfigurationPlatforms) = postSolution
		{22FA73BE-0414-48DF-B944-6E8DB17D5684}.Debug|Any CPU.ActiveCfg = Debug|Any CPU
		{22FA73BE-0414-48DF-B944-6E8DB17D5684}.Debug|Any CPU.Build.0 = Debug|Any CPU
		{22FA73BE-0414-48DF-B944-6E8DB17D5684}.Release|Any CPU.ActiveCfg = Release|Any CPU
		{22FA73BE-0414-48DF-B944-6E8DB17D5684}.Release|Any CPU.Build.0 = Release|Any CPU
		{B8D423DA-4AFD-4D09-B23F-82FA596E008D}.Debug|Any CPU.ActiveCfg = Debug|Any CPU
		{B8D423DA-4AFD-4D09-B23F-82FA596E008D}.Debug|Any CPU.Build.0 = Debug|Any CPU
		{B8D423DA-4AFD-4D09-B23F-82FA596E008D}.Release|Any CPU.ActiveCfg = Release|Any CPU
		{B8D423DA-4AFD-4D09-B23F-82FA596E008D}.Release|Any CPU.Build.0 = Release|Any CPU
		{E0588912-C1BF-4730-8D22-E92ED8D3791E}.Debug|Any CPU.ActiveCfg = Debug|Any CPU
		{E0588912-C1BF-4730-8D22-E92ED8D3791E}.Debug|Any CPU.Build.0 = Debug|Any CPU
		{E0588912-C1BF-4730-8D22-E92ED8D3791E}.Release|Any CPU.ActiveCfg = Release|Any CPU
		{E0588912-C1BF-4730-8D22-E92ED8D3791E}.Release|Any CPU.Build.0 = Release|Any CPU
		{A372F8E6-4E54-4352-9466-2D41AEF9B903}.Debug|Any CPU.ActiveCfg = Debug|Any CPU
		{A372F8E6-4E54-4352-9466-2D41AEF9B903}.Debug|Any CPU.Build.0 = Debug|Any CPU
		{A372F8E6-4E54-4352-9466-2D41AEF9B903}.Release|Any CPU.ActiveCfg = Release|Any CPU
		{A372F8E6-4E54-4352-9466-2D41AEF9B903}.Release|Any CPU.Build.0 = Release|Any CPU
		{6656DEDB-07A7-41D0-954A-AE3A83F75C9F}.Debug|Any CPU.ActiveCfg = Debug|Any CPU
		{6656DEDB-07A7-41D0-954A-AE3A83F75C9F}.Debug|Any CPU.Build.0 = Debug|Any CPU
		{6656DEDB-07A7-41D0-954A-AE3A83F75C9F}.Release|Any CPU.ActiveCfg = Release|Any CPU
		{6656DEDB-07A7-41D0-954A-AE3A83F75C9F}.Release|Any CPU.Build.0 = Release|Any CPU
		{27C3FA31-5834-413E-B4B1-B5A6C35C4EB7}.Debug|Any CPU.ActiveCfg = Debug|Any CPU
		{27C3FA31-5834-413E-B4B1-B5A6C35C4EB7}.Debug|Any CPU.Build.0 = Debug|Any CPU
		{27C3FA31-5834-413E-B4B1-B5A6C35C4EB7}.Release|Any CPU.ActiveCfg = Release|Any CPU
		{27C3FA31-5834-413E-B4B1-B5A6C35C4EB7}.Release|Any CPU.Build.0 = Release|Any CPU
		{2FF1CE9B-C7AC-49F9-BA32-781A5578F7A5}.Debug|Any CPU.ActiveCfg = Debug|Any CPU
		{2FF1CE9B-C7AC-49F9-BA32-781A5578F7A5}.Debug|Any CPU.Build.0 = Debug|Any CPU
		{2FF1CE9B-C7AC-49F9-BA32-781A5578F7A5}.Release|Any CPU.ActiveCfg = Release|Any CPU
		{2FF1CE9B-C7AC-49F9-BA32-781A5578F7A5}.Release|Any CPU.Build.0 = Release|Any CPU
		{8A0AE77D-5A05-4E9F-A7DA-18FCF02622B4}.Debug|Any CPU.ActiveCfg = Debug|Any CPU
		{8A0AE77D-5A05-4E9F-A7DA-18FCF02622B4}.Debug|Any CPU.Build.0 = Debug|Any CPU
		{8A0AE77D-5A05-4E9F-A7DA-18FCF02622B4}.Release|Any CPU.ActiveCfg = Release|Any CPU
		{8A0AE77D-5A05-4E9F-A7DA-18FCF02622B4}.Release|Any CPU.Build.0 = Release|Any CPU
		{CC830867-2B0F-4BBE-B09A-F3638B70A26F}.Debug|Any CPU.ActiveCfg = Debug|Any CPU
		{CC830867-2B0F-4BBE-B09A-F3638B70A26F}.Debug|Any CPU.Build.0 = Debug|Any CPU
		{CC830867-2B0F-4BBE-B09A-F3638B70A26F}.Release|Any CPU.ActiveCfg = Release|Any CPU
		{CC830867-2B0F-4BBE-B09A-F3638B70A26F}.Release|Any CPU.Build.0 = Release|Any CPU
	EndGlobalSection
	GlobalSection(SolutionProperties) = preSolution
		HideSolutionNode = FALSE
	EndGlobalSection
	GlobalSection(NestedProjects) = preSolution
		{22FA73BE-0414-48DF-B944-6E8DB17D5684} = {CE299B48-E605-489D-8A09-CEAF578AC661}
		{B8D423DA-4AFD-4D09-B23F-82FA596E008D} = {13BEF497-8F8B-4E8D-A61C-514742CE1249}
		{E0588912-C1BF-4730-8D22-E92ED8D3791E} = {13BEF497-8F8B-4E8D-A61C-514742CE1249}
		{A372F8E6-4E54-4352-9466-2D41AEF9B903} = {13BEF497-8F8B-4E8D-A61C-514742CE1249}
		{6656DEDB-07A7-41D0-954A-AE3A83F75C9F} = {13BEF497-8F8B-4E8D-A61C-514742CE1249}
		{27C3FA31-5834-413E-B4B1-B5A6C35C4EB7} = {13BEF497-8F8B-4E8D-A61C-514742CE1249}
		{2FF1CE9B-C7AC-49F9-BA32-781A5578F7A5} = {13BEF497-8F8B-4E8D-A61C-514742CE1249}
		{8A0AE77D-5A05-4E9F-A7DA-18FCF02622B4} = {39D3DD1C-3AAE-4064-96F4-BBE8000BEFD9}
		{CC830867-2B0F-4BBE-B09A-F3638B70A26F} = {22415E0C-E665-448B-ABFF-B0DDB06E8EDA}
	EndGlobalSection
	GlobalSection(ExtensibilityGlobals) = postSolution
		SolutionGuid = {B342EEC2-1407-4A2C-BB1F-F225568FA39D}
	EndGlobalSection
EndGlobal
